
Microsoft Visual Studio Solution File, Format Version 12.00
# Visual Studio Version 17
VisualStudioVersion = 17.13.35931.197 d17.13
MinimumVisualStudioVersion = 10.0.40219.1
Project("{FAE04EC0-301F-11D3-BF4B-00C04F79EFBC}") = "CourseEnrollmentPlatform", "CourseEnrollmentPlatform\CourseEnrollmentPlatform.csproj", "{D13D91BC-D82F-435F-82F4-605D97E26DB0}"
EndProject
Global
	GlobalSection(SolutionConfigurationPlatforms) = preSolution
		Debug|Any CPU = Debug|Any CPU
		Release|Any CPU = Release|Any CPU
	EndGlobalSection
	GlobalSection(ProjectConfigurationPlatforms) = postSolution
		{D13D91BC-D82F-435F-82F4-605D97E26DB0}.Debug|Any CPU.ActiveCfg = Debug|Any CPU
		{D13D91BC-D82F-435F-82F4-605D97E26DB0}.Debug|Any CPU.Build.0 = Debug|Any CPU
		{D13D91BC-D82F-435F-82F4-605D97E26DB0}.Release|Any CPU.ActiveCfg = Release|Any CPU
		{D13D91BC-D82F-435F-82F4-605D97E26DB0}.Release|Any CPU.Build.0 = Release|Any CPU
	EndGlobalSection
	GlobalSection(SolutionProperties) = preSolution
		HideSolutionNode = FALSE
	EndGlobalSection
	GlobalSection(ExtensibilityGlobals) = postSolution
		SolutionGuid = {AA255012-61A8-4AF2-B018-257723F0AC76}
	EndGlobalSection
EndGlobal
